{
  "name": "cloaksession-chromix-bridge",
  "version": "0.1.0",
  "lockfileVersion": 3,
  "requires": true,
  "packages": {
    "": {
      "name": "cloaksession-chromix-bridge",
      "version": "0.1.0",
      "dependencies": {
        "@xiaoxiaofeihh/chromix": "file:vendor/chromix",
        "playwright-core": "1.63.0"
      },
      "engines": {
        "node": ">=20"
      }
    },
    "node_modules/@xiaoxiaofeihh/chromix": {
      "resolved": "vendor/chromix",
      "link": true
    },
    "node_modules/pend": {
      "version": "1.2.0",
      "resolved": "https://registry.npmjs.org/pend/-/pend-1.2.0.tgz",
      "integrity": "sha512-F3asv42UuXchdzt+xXqfW1OGlVBe+mxa2mqI0pg5yAHZPvFmY3Y6drSf/GQ1A86WgWEN9Kzh/WrgKa6iGcHXLg==",
      "license": "MIT"
    },
    "node_modules/playwright-core": {
      "version": "1.63.0",
      "resolved": "https://registry.npmjs.org/playwright-core/-/playwright-core-1.63.0.tgz",
      "integrity": "sha512-rYCsBF/M5HjUch52bbtVONEFjv6Xu8sm8h72dNlR5bzIE1fvC/bxgspzkjSfU+MweEMmPM8KJebG6nnyxo5mCg==",
      "license": "Apache-2.0",
      "bin": {
        "playwright-core": "cli.js"
      },
      "engines": {
        "node": ">=20"
      }
    },
    "node_modules/yauzl": {
      "version": "3.4.0",
      "resolved": "https://registry.npmjs.org/yauzl/-/yauzl-3.4.0.tgz",
      "integrity": "sha512-jIH9yLR9wqr0wOS0TpBvo/g/2UgZH5qePVbjgRliiF0BYvOZyaBknKsF+x9Iht0O6sqgnB93rCICdOZFecJuDw==",
      "license": "MIT",
      "dependencies": {
        "pend": "~1.2.0"
      },
      "engines": {
        "node": ">=12"
      }
    },
    "vendor/chromix": {
      "name": "@xiaoxiaofeihh/chromix",
      "version": "0.1.0",
      "license": "BSD-3-Clause",
      "dependencies": {
        "yauzl": "^3.4.0"
      },
      "bin": {
        "chromix": "cli.js"
      },
      "engines": {
        "node": ">=18"
      }
    }
  }
}
